// !$*UTF8*$!
{
	archiveVersion = 1;
	classes = {
	};
	objectVersion = 46;
	objects = {

/* Begin PBXBuildFile section */
		9C5E79F91B505887123C88F3 /* Pods_TopDrawer.framework in Frameworks */ = {isa = PBXBuildFile; fileRef = F7CB34F0BF65C798C980B92D /* Pods_TopDrawer.framework */; };
		ED01502B1C8B4BB100CF0978 /* Assets.xcassets in Resources */ = {isa = PBXBuildFile; fileRef = EDAC5D821C7B83A900C0C306 /* Assets.xcassets */; };
		ED01CAE61CAA0FDA0086F669 /* Material.framework in Frameworks */ = {isa = PBXBuildFile; fileRef = ED73EF081CA9A46600331CC2 /* Material.framework */; };
		ED01CAEC1CAC590C0086F669 /* DetailView.swift in Sources */ = {isa = PBXBuildFile; fileRef = ED01CAEB1CAC590C0086F669 /* DetailView.swift */; };
		ED2B08151C7F48E30007949E /* SharedTableViewController.swift in Sources */ = {isa = PBXBuildFile; fileRef = ED2B08141C7F48E30007949E /* SharedTableViewController.swift */; };
		ED2B08181C7F49780007949E /* MessageContainerViewController.swift in Sources */ = {isa = PBXBuildFile; fileRef = ED2B08171C7F49780007949E /* MessageContainerViewController.swift */; };
		ED2B081A1C7F49D10007949E /* TrayCollectionViewController.swift in Sources */ = {isa = PBXBuildFile; fileRef = ED2B08191C7F49D10007949E /* TrayCollectionViewController.swift */; };
		ED2B081C1C7F614C0007949E /* MessageViewController.swift in Sources */ = {isa = PBXBuildFile; fileRef = ED2B081B1C7F614C0007949E /* MessageViewController.swift */; };
		ED2B081E1C7F93A60007949E /* InboxManager.swift in Sources */ = {isa = PBXBuildFile; fileRef = ED2B081D1C7F93A60007949E /* InboxManager.swift */; };
		ED2B08221C7FB0BC0007949E /* Topic.swift in Sources */ = {isa = PBXBuildFile; fileRef = ED2B08211C7FB0BC0007949E /* Topic.swift */; };
		ED2B08241C80998B0007949E /* Friend.swift in Sources */ = {isa = PBXBuildFile; fileRef = ED2B08231C80998B0007949E /* Friend.swift */; };
		ED2B08271C80B7C40007949E /* Message.swift in Sources */ = {isa = PBXBuildFile; fileRef = ED2B08261C80B7C40007949E /* Message.swift */; };
		ED3A5DC31CC547E300559CFB /* StringExtensionIndexing.swift in Sources */ = {isa = PBXBuildFile; fileRef = ED3A5DC21CC547E300559CFB /* StringExtensionIndexing.swift */; };
		ED3A5DC61CC56DB300559CFB /* MessageSorter.swift in Sources */ = {isa = PBXBuildFile; fileRef = ED3A5DC51CC56DB300559CFB /* MessageSorter.swift */; };
		ED3A5DC81CC575EF00559CFB /* NSDateExtension.swift in Sources */ = {isa = PBXBuildFile; fileRef = ED3A5DC71CC575EF00559CFB /* NSDateExtension.swift */; };
		ED3A5DCA1CC59F8400559CFB /* TopicMarkerHeaderView.swift in Sources */ = {isa = PBXBuildFile; fileRef = ED3A5DC91CC59F8400559CFB /* TopicMarkerHeaderView.swift */; };
		ED3A5E081CC81BA100559CFB /* StickyHeaderFlowLayout.swift in Sources */ = {isa = PBXBuildFile; fileRef = ED3A5E071CC81BA100559CFB /* StickyHeaderFlowLayout.swift */; };
		ED3A5E931CD15B9E00559CFB /* InsertTopicMarkerPopupVC.swift in Sources */ = {isa = PBXBuildFile; fileRef = ED3A5E921CD15B9E00559CFB /* InsertTopicMarkerPopupVC.swift */; };
		ED49DC1C1C8881E0003BB009 /* App downloads (2).png in Resources */ = {isa = PBXBuildFile; fileRef = ED49DC1B1C8881E0003BB009 /* App downloads (2).png */; };
		ED4AB5251CA9C62800A9171F /* CustomTextField.swift in Sources */ = {isa = PBXBuildFile; fileRef = ED4AB5241CA9C62800A9171F /* CustomTextField.swift */; };
		ED5EBEAE1C823626009951BB /* SharedTopicTableViewCell.swift in Sources */ = {isa = PBXBuildFile; fileRef = ED5EBEAD1C823626009951BB /* SharedTopicTableViewCell.swift */; };
		ED5EBEB01C823F56009951BB /* TopicTabBarController.swift in Sources */ = {isa = PBXBuildFile; fileRef = ED5EBEAF1C823F56009951BB /* TopicTabBarController.swift */; };
		ED5EBEB21C82B0B6009951BB /* SharedPageCollectionViewCell.swift in Sources */ = {isa = PBXBuildFile; fileRef = ED5EBEB11C82B0B6009951BB /* SharedPageCollectionViewCell.swift */; };
		ED5EBEB41C83E420009951BB /* AssignTopicViewController.swift in Sources */ = {isa = PBXBuildFile; fileRef = ED5EBEB31C83E420009951BB /* AssignTopicViewController.swift */; };
		ED5EBEB81C84A0B3009951BB /* NewTopicViewController.swift in Sources */ = {isa = PBXBuildFile; fileRef = ED5EBEB71C84A0B3009951BB /* NewTopicViewController.swift */; };
		ED5EBEC01C84ED52009951BB /* ShareViewController.swift in Sources */ = {isa = PBXBuildFile; fileRef = ED5EBEBF1C84ED52009951BB /* ShareViewController.swift */; };
		ED5EBEC31C84ED52009951BB /* MainInterface.storyboard in Resources */ = {isa = PBXBuildFile; fileRef = ED5EBEC11C84ED52009951BB /* MainInterface.storyboard */; };
		ED5EBEC71C84ED52009951BB /* TestShareExtension.appex in Embed App Extensions */ = {isa = PBXBuildFile; fileRef = ED5EBEBD1C84ED52009951BB /* TestShareExtension.appex */; settings = {ATTRIBUTES = (RemoveHeadersOnCopy, ); }; };
		ED9144241CA9DB3500AC3122 /* CustomTextView.swift in Sources */ = {isa = PBXBuildFile; fileRef = ED9144231CA9DB3500AC3122 /* CustomTextView.swift */; };
		EDAC5D7C1C7B83A900C0C306 /* AppDelegate.swift in Sources */ = {isa = PBXBuildFile; fileRef = EDAC5D7B1C7B83A900C0C306 /* AppDelegate.swift */; };
		EDAC5D811C7B83A900C0C306 /* Main.storyboard in Resources */ = {isa = PBXBuildFile; fileRef = EDAC5D7F1C7B83A900C0C306 /* Main.storyboard */; };
		EDAC5D831C7B83A900C0C306 /* Assets.xcassets in Resources */ = {isa = PBXBuildFile; fileRef = EDAC5D821C7B83A900C0C306 /* Assets.xcassets */; };
		EDAC5D861C7B83A900C0C306 /* LaunchScreen.storyboard in Resources */ = {isa = PBXBuildFile; fileRef = EDAC5D841C7B83A900C0C306 /* LaunchScreen.storyboard */; };
		EDAC5D911C7B83AA00C0C306 /* TopDrawerTests.swift in Sources */ = {isa = PBXBuildFile; fileRef = EDAC5D901C7B83AA00C0C306 /* TopDrawerTests.swift */; };
		EDAC5D9C1C7B83AA00C0C306 /* TopDrawerUITests.swift in Sources */ = {isa = PBXBuildFile; fileRef = EDAC5D9B1C7B83AA00C0C306 /* TopDrawerUITests.swift */; };
		EDAC5DAB1C7B96B200C0C306 /* CloudKit.framework in Frameworks */ = {isa = PBXBuildFile; fileRef = EDAC5DAA1C7B96B200C0C306 /* CloudKit.framework */; };
		EDAC5DAD1C7BAAC600C0C306 /* Page.swift in Sources */ = {isa = PBXBuildFile; fileRef = EDAC5DAC1C7BAAC600C0C306 /* Page.swift */; };
		EDAC5DAF1C7BB57000C0C306 /* SavedPagesCollectionViewController.swift in Sources */ = {isa = PBXBuildFile; fileRef = EDAC5DAE1C7BB57000C0C306 /* SavedPagesCollectionViewController.swift */; };
		EDAC5DB11C7BB8F100C0C306 /* SavedPageCollectionViewCell.swift in Sources */ = {isa = PBXBuildFile; fileRef = EDAC5DB01C7BB8F100C0C306 /* SavedPageCollectionViewCell.swift */; };
		EDAC5DB91C7BC7CC00C0C306 /* ActionViewController.swift in Sources */ = {isa = PBXBuildFile; fileRef = EDAC5DB81C7BC7CC00C0C306 /* ActionViewController.swift */; };
		EDAC5DBC1C7BC7CC00C0C306 /* MainInterface.storyboard in Resources */ = {isa = PBXBuildFile; fileRef = EDAC5DBA1C7BC7CC00C0C306 /* MainInterface.storyboard */; };
		EDAC5DC01C7BC7CC00C0C306 /* TopDrawerActionExtension.appex in Embed App Extensions */ = {isa = PBXBuildFile; fileRef = EDAC5DB61C7BC7CC00C0C306 /* TopDrawerActionExtension.appex */; settings = {ATTRIBUTES = (RemoveHeadersOnCopy, ); }; };
		EDAC5DC71C7BDC3900C0C306 /* getURLinfo.js in Resources */ = {isa = PBXBuildFile; fileRef = EDAC5DC61C7BDC3900C0C306 /* getURLinfo.js */; };
		EDAC5DC81C7CC56700C0C306 /* CloudKit.framework in Frameworks */ = {isa = PBXBuildFile; fileRef = EDAC5DAA1C7B96B200C0C306 /* CloudKit.framework */; };
		EDAC5DCA1C7CDC5D00C0C306 /* DetailViewController.swift in Sources */ = {isa = PBXBuildFile; fileRef = EDAC5DC91C7CDC5D00C0C306 /* DetailViewController.swift */; };
		EDAC5DCC1C7CF2AC00C0C306 /* TopicsCollectionViewController.swift in Sources */ = {isa = PBXBuildFile; fileRef = EDAC5DCB1C7CF2AC00C0C306 /* TopicsCollectionViewController.swift */; };
		EDAC5DCE1C7CF3E100C0C306 /* TopicCollectionViewCell.swift in Sources */ = {isa = PBXBuildFile; fileRef = EDAC5DCD1C7CF3E100C0C306 /* TopicCollectionViewCell.swift */; };
		EDAC5DD01C7D0A7200C0C306 /* TopicSavedPagesCollectionViewController.swift in Sources */ = {isa = PBXBuildFile; fileRef = EDAC5DCF1C7D0A7200C0C306 /* TopicSavedPagesCollectionViewController.swift */; };
		EDAC5DD41C7D1F3500C0C306 /* TopicSavedPageCollectionViewCell.swift in Sources */ = {isa = PBXBuildFile; fileRef = EDAC5DD31C7D1F3500C0C306 /* TopicSavedPageCollectionViewCell.swift */; };
		EDAC5DDA1C7D32A300C0C306 /* FriendsTableViewController.swift in Sources */ = {isa = PBXBuildFile; fileRef = EDAC5DD91C7D32A300C0C306 /* FriendsTableViewController.swift */; };
		EDADFF211C8674AB0055867E /* TopicMarker.swift in Sources */ = {isa = PBXBuildFile; fileRef = EDADFF201C8674AB0055867E /* TopicMarker.swift */; };
		EDADFF251C867D6A0055867E /* TopicMarkerSelectionTableViewController.swift in Sources */ = {isa = PBXBuildFile; fileRef = EDADFF241C867D6A0055867E /* TopicMarkerSelectionTableViewController.swift */; };
		EDADFF271C8680C00055867E /* TopicMarkerSelectionTableViewCell.swift in Sources */ = {isa = PBXBuildFile; fileRef = EDADFF261C8680C00055867E /* TopicMarkerSelectionTableViewCell.swift */; };
		EDED75C41CB32C350071A36F /* App downloads (2).png in Resources */ = {isa = PBXBuildFile; fileRef = EDED75C31CB32C350071A36F /* App downloads (2).png */; };
		EDED75C61CB6C8F20071A36F /* CellCardView.swift in Sources */ = {isa = PBXBuildFile; fileRef = EDED75C51CB6C8F20071A36F /* CellCardView.swift */; };
		EDED75CA1CBEE59D0071A36F /* TopicCellCardView.swift in Sources */ = {isa = PBXBuildFile; fileRef = EDED75C91CBEE59D0071A36F /* TopicCellCardView.swift */; };
		EDED75CC1CBEEBB10071A36F /* SharedTopicCellCardView.swift in Sources */ = {isa = PBXBuildFile; fileRef = EDED75CB1CBEEBB10071A36F /* SharedTopicCellCardView.swift */; };
		EDED75CE1CBEF37D0071A36F /* NewTopicPopupVC.swift in Sources */ = {isa = PBXBuildFile; fileRef = EDED75CD1CBEF37D0071A36F /* NewTopicPopupVC.swift */; };
		EDED75D11CBEF3F30071A36F /* AssignTopicPopupVC.swift in Sources */ = {isa = PBXBuildFile; fileRef = EDED75D01CBEF3F30071A36F /* AssignTopicPopupVC.swift */; };
		EDED75D51CC136680071A36F /* FriendsTableView.swift in Sources */ = {isa = PBXBuildFile; fileRef = EDED75D41CC136680071A36F /* FriendsTableView.swift */; };
		EDED75D71CC15ED10071A36F /* NewTopicEntryTableViewController.swift in Sources */ = {isa = PBXBuildFile; fileRef = EDED75D61CC15ED10071A36F /* NewTopicEntryTableViewController.swift */; };
		EDED75DE1CC2AB240071A36F /* TextEntryViewController.swift in Sources */ = {isa = PBXBuildFile; fileRef = EDED75DD1CC2AB240071A36F /* TextEntryViewController.swift */; };
		EDFE6A6B1CD304B500D997F9 /* OnboardingPageViewController.swift in Sources */ = {isa = PBXBuildFile; fileRef = EDFE6A6A1CD304B500D997F9 /* OnboardingPageViewController.swift */; };
		EDFE6A6D1CD3050F00D997F9 /* SignInView.swift in Sources */ = {isa = PBXBuildFile; fileRef = EDFE6A6C1CD3050F00D997F9 /* SignInView.swift */; };
		EDFE6AAC1CE0F9A700D997F9 /* CloudKit + Graph Services.swift in Sources */ = {isa = PBXBuildFile; fileRef = EDFE6AAB1CE0F9A600D997F9 /* CloudKit + Graph Services.swift */; };
		EDFE6AAE1CEA342600D997F9 /* GraphEntitySorter.swift in Sources */ = {isa = PBXBuildFile; fileRef = EDFE6AAD1CEA342600D997F9 /* GraphEntitySorter.swift */; };
		EDFE6AB01CEA351900D997F9 /* DataModelGraphConversions.swift in Sources */ = {isa = PBXBuildFile; fileRef = EDFE6AAF1CEA351900D997F9 /* DataModelGraphConversions.swift */; };
/* End PBXBuildFile section */

/* Begin PBXContainerItemProxy section */
		ED5EBEC51C84ED52009951BB /* PBXContainerItemProxy */ = {
			isa = PBXContainerItemProxy;
			containerPortal = EDAC5D701C7B83A900C0C306 /* Project object */;
			proxyType = 1;
			remoteGlobalIDString = ED5EBEBC1C84ED52009951BB;
			remoteInfo = TestShareExtension;
		};
		EDAC5D8D1C7B83AA00C0C306 /* PBXContainerItemProxy */ = {
			isa = PBXContainerItemProxy;
			containerPortal = EDAC5D701C7B83A900C0C306 /* Project object */;
			proxyType = 1;
			remoteGlobalIDString = EDAC5D771C7B83A900C0C306;
			remoteInfo = TopDrawer;
		};
		EDAC5D981C7B83AA00C0C306 /* PBXContainerItemProxy */ = {
			isa = PBXContainerItemProxy;
			containerPortal = EDAC5D701C7B83A900C0C306 /* Project object */;
			proxyType = 1;
			remoteGlobalIDString = EDAC5D771C7B83A900C0C306;
			remoteInfo = TopDrawer;
		};
		EDAC5DBE1C7BC7CC00C0C306 /* PBXContainerItemProxy */ = {
			isa = PBXContainerItemProxy;
			containerPortal = EDAC5D701C7B83A900C0C306 /* Project object */;
			proxyType = 1;
			remoteGlobalIDString = EDAC5DB51C7BC7CC00C0C306;
			remoteInfo = TopDrawerActionExtension;
		};
/* End PBXContainerItemProxy section */

/* Begin PBXCopyFilesBuildPhase section */
		EDAC5DC41C7BC7CC00C0C306 /* Embed App Extensions */ = {
			isa = PBXCopyFilesBuildPhase;
			buildActionMask = 2147483647;
			dstPath = "";
			dstSubfolderSpec = 13;
			files = (
				ED5EBEC71C84ED52009951BB /* TestShareExtension.appex in Embed App Extensions */,
				EDAC5DC01C7BC7CC00C0C306 /* TopDrawerActionExtension.appex in Embed App Extensions */,
			);
			name = "Embed App Extensions";
			runOnlyForDeploymentPostprocessing = 0;
		};
/* End PBXCopyFilesBuildPhase section */

/* Begin PBXFileReference section */
		406B90A0928C8301F9FB8F65 /* Pods-TopDrawer.release.xcconfig */ = {isa = PBXFileReference; includeInIndex = 1; lastKnownFileType = text.xcconfig; name = "Pods-TopDrawer.release.xcconfig"; path = "Pods/Target Support Files/Pods-TopDrawer/Pods-TopDrawer.release.xcconfig"; sourceTree = "<group>"; };
		66A753FD5ADB8738A512837E /* Pods-TopDrawer.debug.xcconfig */ = {isa = PBXFileReference; includeInIndex = 1; lastKnownFileType = text.xcconfig; name = "Pods-TopDrawer.debug.xcconfig"; path = "Pods/Target Support Files/Pods-TopDrawer/Pods-TopDrawer.debug.xcconfig"; sourceTree = "<group>"; };
		ED01CAEB1CAC590C0086F669 /* DetailView.swift */ = {isa = PBXFileReference; fileEncoding = 4; lastKnownFileType = sourcecode.swift; path = DetailView.swift; sourceTree = "<group>"; };
		ED2B08141C7F48E30007949E /* SharedTableViewController.swift */ = {isa = PBXFileReference; fileEncoding = 4; lastKnownFileType = sourcecode.swift; path = SharedTableViewController.swift; sourceTree = "<group>"; };
		ED2B08171C7F49780007949E /* MessageContainerViewController.swift */ = {isa = PBXFileReference; fileEncoding = 4; lastKnownFileType = sourcecode.swift; path = MessageContainerViewController.swift; sourceTree = "<group>"; };
		ED2B08191C7F49D10007949E /* TrayCollectionViewController.swift */ = {isa = PBXFileReference; fileEncoding = 4; lastKnownFileType = sourcecode.swift; path = TrayCollectionViewController.swift; sourceTree = "<group>"; };
		ED2B081B1C7F614C0007949E /* MessageViewController.swift */ = {isa = PBXFileReference; fileEncoding = 4; lastKnownFileType = sourcecode.swift; path = MessageViewController.swift; sourceTree = "<group>"; };
		ED2B081D1C7F93A60007949E /* InboxManager.swift */ = {isa = PBXFileReference; fileEncoding = 4; lastKnownFileType = sourcecode.swift; path = InboxManager.swift; sourceTree = "<group>"; };
		ED2B08211C7FB0BC0007949E /* Topic.swift */ = {isa = PBXFileReference; fileEncoding = 4; lastKnownFileType = sourcecode.swift; path = Topic.swift; sourceTree = "<group>"; };
		ED2B08231C80998B0007949E /* Friend.swift */ = {isa = PBXFileReference; fileEncoding = 4; lastKnownFileType = sourcecode.swift; path = Friend.swift; sourceTree = "<group>"; };
		ED2B08261C80B7C40007949E /* Message.swift */ = {isa = PBXFileReference; fileEncoding = 4; lastKnownFileType = sourcecode.swift; path = Message.swift; sourceTree = "<group>"; };
		ED3A5DC21CC547E300559CFB /* StringExtensionIndexing.swift */ = {isa = PBXFileReference; fileEncoding = 4; lastKnownFileType = sourcecode.swift; path = StringExtensionIndexing.swift; sourceTree = "<group>"; };
		ED3A5DC51CC56DB300559CFB /* MessageSorter.swift */ = {isa = PBXFileReference; fileEncoding = 4; lastKnownFileType = sourcecode.swift; path = MessageSorter.swift; sourceTree = "<group>"; };
		ED3A5DC71CC575EF00559CFB /* NSDateExtension.swift */ = {isa = PBXFileReference; fileEncoding = 4; lastKnownFileType = sourcecode.swift; path = NSDateExtension.swift; sourceTree = "<group>"; };
		ED3A5DC91CC59F8400559CFB /* TopicMarkerHeaderView.swift */ = {isa = PBXFileReference; fileEncoding = 4; lastKnownFileType = sourcecode.swift; path = TopicMarkerHeaderView.swift; sourceTree = "<group>"; };
		ED3A5E071CC81BA100559CFB /* StickyHeaderFlowLayout.swift */ = {isa = PBXFileReference; fileEncoding = 4; lastKnownFileType = sourcecode.swift; path = StickyHeaderFlowLayout.swift; sourceTree = "<group>"; };
		ED3A5E921CD15B9E00559CFB /* InsertTopicMarkerPopupVC.swift */ = {isa = PBXFileReference; fileEncoding = 4; lastKnownFileType = sourcecode.swift; path = InsertTopicMarkerPopupVC.swift; sourceTree = "<group>"; };
		ED49DC1B1C8881E0003BB009 /* App downloads (2).png */ = {isa = PBXFileReference; lastKnownFileType = image.png; path = "App downloads (2).png"; sourceTree = "<group>"; };
		ED4AB5241CA9C62800A9171F /* CustomTextField.swift */ = {isa = PBXFileReference; fileEncoding = 4; lastKnownFileType = sourcecode.swift; path = CustomTextField.swift; sourceTree = "<group>"; };
		ED5EBEAD1C823626009951BB /* SharedTopicTableViewCell.swift */ = {isa = PBXFileReference; fileEncoding = 4; lastKnownFileType = sourcecode.swift; path = SharedTopicTableViewCell.swift; sourceTree = "<group>"; };
		ED5EBEAF1C823F56009951BB /* TopicTabBarController.swift */ = {isa = PBXFileReference; fileEncoding = 4; lastKnownFileType = sourcecode.swift; path = TopicTabBarController.swift; sourceTree = "<group>"; };
		ED5EBEB11C82B0B6009951BB /* SharedPageCollectionViewCell.swift */ = {isa = PBXFileReference; fileEncoding = 4; lastKnownFileType = sourcecode.swift; path = SharedPageCollectionViewCell.swift; sourceTree = "<group>"; };
		ED5EBEB31C83E420009951BB /* AssignTopicViewController.swift */ = {isa = PBXFileReference; fileEncoding = 4; lastKnownFileType = sourcecode.swift; path = AssignTopicViewController.swift; sourceTree = "<group>"; };
		ED5EBEB71C84A0B3009951BB /* NewTopicViewController.swift */ = {isa = PBXFileReference; fileEncoding = 4; lastKnownFileType = sourcecode.swift; path = NewTopicViewController.swift; sourceTree = "<group>"; };
		ED5EBEBD1C84ED52009951BB /* TestShareExtension.appex */ = {isa = PBXFileReference; explicitFileType = "wrapper.app-extension"; includeInIndex = 0; path = TestShareExtension.appex; sourceTree = BUILT_PRODUCTS_DIR; };
		ED5EBEBF1C84ED52009951BB /* ShareViewController.swift */ = {isa = PBXFileReference; lastKnownFileType = sourcecode.swift; path = ShareViewController.swift; sourceTree = "<group>"; };
		ED5EBEC21C84ED52009951BB /* Base */ = {isa = PBXFileReference; lastKnownFileType = file.storyboard; name = Base; path = Base.lproj/MainInterface.storyboard; sourceTree = "<group>"; };
		ED5EBEC41C84ED52009951BB /* Info.plist */ = {isa = PBXFileReference; lastKnownFileType = text.plist.xml; path = Info.plist; sourceTree = "<group>"; };
		ED73EF081CA9A46600331CC2 /* Material.framework */ = {isa = PBXFileReference; lastKnownFileType = wrapper.framework; name = Material.framework; path = "Pods/../build/Release-iphoneos/Material.framework"; sourceTree = "<group>"; };
		ED9144231CA9DB3500AC3122 /* CustomTextView.swift */ = {isa = PBXFileReference; fileEncoding = 4; lastKnownFileType = sourcecode.swift; path = CustomTextView.swift; sourceTree = "<group>"; };
		EDAC5D781C7B83A900C0C306 /* TopDrawer.app */ = {isa = PBXFileReference; explicitFileType = wrapper.application; includeInIndex = 0; path = TopDrawer.app; sourceTree = BUILT_PRODUCTS_DIR; };
		EDAC5D7B1C7B83A900C0C306 /* AppDelegate.swift */ = {isa = PBXFileReference; lastKnownFileType = sourcecode.swift; path = AppDelegate.swift; sourceTree = "<group>"; };
		EDAC5D801C7B83A900C0C306 /* Base */ = {isa = PBXFileReference; lastKnownFileType = file.storyboard; name = Base; path = Base.lproj/Main.storyboard; sourceTree = "<group>"; };
		EDAC5D821C7B83A900C0C306 /* Assets.xcassets */ = {isa = PBXFileReference; lastKnownFileType = folder.assetcatalog; path = Assets.xcassets; sourceTree = "<group>"; };
		EDAC5D851C7B83A900C0C306 /* Base */ = {isa = PBXFileReference; lastKnownFileType = file.storyboard; name = Base; path = Base.lproj/LaunchScreen.storyboard; sourceTree = "<group>"; };
		EDAC5D871C7B83A900C0C306 /* Info.plist */ = {isa = PBXFileReference; lastKnownFileType = text.plist.xml; path = Info.plist; sourceTree = "<group>"; };
		EDAC5D8C1C7B83AA00C0C306 /* TopDrawerTests.xctest */ = {isa = PBXFileReference; explicitFileType = wrapper.cfbundle; includeInIndex = 0; path = TopDrawerTests.xctest; sourceTree = BUILT_PRODUCTS_DIR; };
		EDAC5D901C7B83AA00C0C306 /* TopDrawerTests.swift */ = {isa = PBXFileReference; lastKnownFileType = sourcecode.swift; path = TopDrawerTests.swift; sourceTree = "<group>"; };
		EDAC5D921C7B83AA00C0C306 /* Info.plist */ = {isa = PBXFileReference; lastKnownFileType = text.plist.xml; path = Info.plist; sourceTree = "<group>"; };
		EDAC5D971C7B83AA00C0C306 /* TopDrawerUITests.xctest */ = {isa = PBXFileReference; explicitFileType = wrapper.cfbundle; includeInIndex = 0; path = TopDrawerUITests.xctest; sourceTree = BUILT_PRODUCTS_DIR; };
		EDAC5D9B1C7B83AA00C0C306 /* TopDrawerUITests.swift */ = {isa = PBXFileReference; lastKnownFileType = sourcecode.swift; path = TopDrawerUITests.swift; sourceTree = "<group>"; };
		EDAC5D9D1C7B83AA00C0C306 /* Info.plist */ = {isa = PBXFileReference; lastKnownFileType = text.plist.xml; path = Info.plist; sourceTree = "<group>"; };
		EDAC5DA91C7B96A900C0C306 /* TopDrawer.entitlements */ = {isa = PBXFileReference; lastKnownFileType = text.xml; path = TopDrawer.entitlements; sourceTree = "<group>"; };
		EDAC5DAA1C7B96B200C0C306 /* CloudKit.framework */ = {isa = PBXFileReference; lastKnownFileType = wrapper.framework; name = CloudKit.framework; path = System/Library/Frameworks/CloudKit.framework; sourceTree = SDKROOT; };
		EDAC5DAC1C7BAAC600C0C306 /* Page.swift */ = {isa = PBXFileReference; fileEncoding = 4; lastKnownFileType = sourcecode.swift; path = Page.swift; sourceTree = "<group>"; };
		EDAC5DAE1C7BB57000C0C306 /* SavedPagesCollectionViewController.swift */ = {isa = PBXFileReference; fileEncoding = 4; lastKnownFileType = sourcecode.swift; path = SavedPagesCollectionViewController.swift; sourceTree = "<group>"; };
		EDAC5DB01C7BB8F100C0C306 /* SavedPageCollectionViewCell.swift */ = {isa = PBXFileReference; fileEncoding = 4; lastKnownFileType = sourcecode.swift; path = SavedPageCollectionViewCell.swift; sourceTree = "<group>"; };
		EDAC5DB61C7BC7CC00C0C306 /* TopDrawerActionExtension.appex */ = {isa = PBXFileReference; explicitFileType = "wrapper.app-extension"; includeInIndex = 0; path = TopDrawerActionExtension.appex; sourceTree = BUILT_PRODUCTS_DIR; };
		EDAC5DB81C7BC7CC00C0C306 /* ActionViewController.swift */ = {isa = PBXFileReference; lastKnownFileType = sourcecode.swift; path = ActionViewController.swift; sourceTree = "<group>"; };
		EDAC5DBB1C7BC7CC00C0C306 /* Base */ = {isa = PBXFileReference; lastKnownFileType = file.storyboard; name = Base; path = Base.lproj/MainInterface.storyboard; sourceTree = "<group>"; };
		EDAC5DBD1C7BC7CC00C0C306 /* Info.plist */ = {isa = PBXFileReference; lastKnownFileType = text.plist.xml; path = Info.plist; sourceTree = "<group>"; };
		EDAC5DC51C7BC86600C0C306 /* TopDrawerActionExtension.entitlements */ = {isa = PBXFileReference; lastKnownFileType = text.xml; path = TopDrawerActionExtension.entitlements; sourceTree = "<group>"; };
		EDAC5DC61C7BDC3900C0C306 /* getURLinfo.js */ = {isa = PBXFileReference; fileEncoding = 4; lastKnownFileType = sourcecode.javascript; path = getURLinfo.js; sourceTree = "<group>"; };
		EDAC5DC91C7CDC5D00C0C306 /* DetailViewController.swift */ = {isa = PBXFileReference; fileEncoding = 4; lastKnownFileType = sourcecode.swift; path = DetailViewController.swift; sourceTree = "<group>"; };
		EDAC5DCB1C7CF2AC00C0C306 /* TopicsCollectionViewController.swift */ = {isa = PBXFileReference; fileEncoding = 4; lastKnownFileType = sourcecode.swift; path = TopicsCollectionViewController.swift; sourceTree = "<group>"; };
		EDAC5DCD1C7CF3E100C0C306 /* TopicCollectionViewCell.swift */ = {isa = PBXFileReference; fileEncoding = 4; lastKnownFileType = sourcecode.swift; path = TopicCollectionViewCell.swift; sourceTree = "<group>"; };
		EDAC5DCF1C7D0A7200C0C306 /* TopicSavedPagesCollectionViewController.swift */ = {isa = PBXFileReference; fileEncoding = 4; lastKnownFileType = sourcecode.swift; path = TopicSavedPagesCollectionViewController.swift; sourceTree = "<group>"; };
		EDAC5DD31C7D1F3500C0C306 /* TopicSavedPageCollectionViewCell.swift */ = {isa = PBXFileReference; fileEncoding = 4; lastKnownFileType = sourcecode.swift; path = TopicSavedPageCollectionViewCell.swift; sourceTree = "<group>"; };
		EDAC5DD91C7D32A300C0C306 /* FriendsTableViewController.swift */ = {isa = PBXFileReference; fileEncoding = 4; lastKnownFileType = sourcecode.swift; path = FriendsTableViewController.swift; sourceTree = "<group>"; };
		EDADFF201C8674AB0055867E /* TopicMarker.swift */ = {isa = PBXFileReference; fileEncoding = 4; lastKnownFileType = sourcecode.swift; path = TopicMarker.swift; sourceTree = "<group>"; };
		EDADFF241C867D6A0055867E /* TopicMarkerSelectionTableViewController.swift */ = {isa = PBXFileReference; fileEncoding = 4; lastKnownFileType = sourcecode.swift; path = TopicMarkerSelectionTableViewController.swift; sourceTree = "<group>"; };
		EDADFF261C8680C00055867E /* TopicMarkerSelectionTableViewCell.swift */ = {isa = PBXFileReference; fileEncoding = 4; lastKnownFileType = sourcecode.swift; path = TopicMarkerSelectionTableViewCell.swift; sourceTree = "<group>"; };
		EDED75C31CB32C350071A36F /* App downloads (2).png */ = {isa = PBXFileReference; lastKnownFileType = image.png; path = "App downloads (2).png"; sourceTree = "<group>"; };
		EDED75C51CB6C8F20071A36F /* CellCardView.swift */ = {isa = PBXFileReference; fileEncoding = 4; lastKnownFileType = sourcecode.swift; path = CellCardView.swift; sourceTree = "<group>"; };
		EDED75C91CBEE59D0071A36F /* TopicCellCardView.swift */ = {isa = PBXFileReference; fileEncoding = 4; lastKnownFileType = sourcecode.swift; path = TopicCellCardView.swift; sourceTree = "<group>"; };
		EDED75CB1CBEEBB10071A36F /* SharedTopicCellCardView.swift */ = {isa = PBXFileReference; fileEncoding = 4; lastKnownFileType = sourcecode.swift; path = SharedTopicCellCardView.swift; sourceTree = "<group>"; };
		EDED75CD1CBEF37D0071A36F /* NewTopicPopupVC.swift */ = {isa = PBXFileReference; fileEncoding = 4; lastKnownFileType = sourcecode.swift; path = NewTopicPopupVC.swift; sourceTree = "<group>"; };
		EDED75D01CBEF3F30071A36F /* AssignTopicPopupVC.swift */ = {isa = PBXFileReference; fileEncoding = 4; lastKnownFileType = sourcecode.swift; path = AssignTopicPopupVC.swift; sourceTree = "<group>"; };
		EDED75D41CC136680071A36F /* FriendsTableView.swift */ = {isa = PBXFileReference; fileEncoding = 4; lastKnownFileType = sourcecode.swift; path = FriendsTableView.swift; sourceTree = "<group>"; };
		EDED75D61CC15ED10071A36F /* NewTopicEntryTableViewController.swift */ = {isa = PBXFileReference; fileEncoding = 4; lastKnownFileType = sourcecode.swift; path = NewTopicEntryTableViewController.swift; sourceTree = "<group>"; };
		EDED75DD1CC2AB240071A36F /* TextEntryViewController.swift */ = {isa = PBXFileReference; fileEncoding = 4; lastKnownFileType = sourcecode.swift; path = TextEntryViewController.swift; sourceTree = "<group>"; };
		EDFE6A6A1CD304B500D997F9 /* OnboardingPageViewController.swift */ = {isa = PBXFileReference; fileEncoding = 4; lastKnownFileType = sourcecode.swift; path = OnboardingPageViewController.swift; sourceTree = "<group>"; };
		EDFE6A6C1CD3050F00D997F9 /* SignInView.swift */ = {isa = PBXFileReference; fileEncoding = 4; lastKnownFileType = sourcecode.swift; path = SignInView.swift; sourceTree = "<group>"; };
		EDFE6AAB1CE0F9A600D997F9 /* CloudKit + Graph Services.swift */ = {isa = PBXFileReference; fileEncoding = 4; lastKnownFileType = sourcecode.swift; path = "CloudKit + Graph Services.swift"; sourceTree = "<group>"; };
		EDFE6AAD1CEA342600D997F9 /* GraphEntitySorter.swift */ = {isa = PBXFileReference; fileEncoding = 4; lastKnownFileType = sourcecode.swift; path = GraphEntitySorter.swift; sourceTree = "<group>"; };
		EDFE6AAF1CEA351900D997F9 /* DataModelGraphConversions.swift */ = {isa = PBXFileReference; fileEncoding = 4; lastKnownFileType = sourcecode.swift; path = DataModelGraphConversions.swift; sourceTree = "<group>"; };
		F7CB34F0BF65C798C980B92D /* Pods_TopDrawer.framework */ = {isa = PBXFileReference; explicitFileType = wrapper.framework; includeInIndex = 0; path = Pods_TopDrawer.framework; sourceTree = BUILT_PRODUCTS_DIR; };
/* End PBXFileReference section */

/* Begin PBXFrameworksBuildPhase section */
		ED5EBEBA1C84ED52009951BB /* Frameworks */ = {
			isa = PBXFrameworksBuildPhase;
			buildActionMask = 2147483647;
			files = (
			);
			runOnlyForDeploymentPostprocessing = 0;
		};
		EDAC5D751C7B83A900C0C306 /* Frameworks */ = {
			isa = PBXFrameworksBuildPhase;
			buildActionMask = 2147483647;
			files = (
				EDAC5DAB1C7B96B200C0C306 /* CloudKit.framework in Frameworks */,
				9C5E79F91B505887123C88F3 /* Pods_TopDrawer.framework in Frameworks */,
			);
			runOnlyForDeploymentPostprocessing = 0;
		};
		EDAC5D891C7B83AA00C0C306 /* Frameworks */ = {
			isa = PBXFrameworksBuildPhase;
			buildActionMask = 2147483647;
			files = (
			);
			runOnlyForDeploymentPostprocessing = 0;
		};
		EDAC5D941C7B83AA00C0C306 /* Frameworks */ = {
			isa = PBXFrameworksBuildPhase;
			buildActionMask = 2147483647;
			files = (
			);
			runOnlyForDeploymentPostprocessing = 0;
		};
		EDAC5DB31C7BC7CC00C0C306 /* Frameworks */ = {
			isa = PBXFrameworksBuildPhase;
			buildActionMask = 2147483647;
			files = (
				EDAC5DC81C7CC56700C0C306 /* CloudKit.framework in Frameworks */,
				ED01CAE61CAA0FDA0086F669 /* Material.framework in Frameworks */,
			);
			runOnlyForDeploymentPostprocessing = 0;
		};
/* End PBXFrameworksBuildPhase section */

/* Begin PBXGroup section */
		413A104654B610A6A25FACCC /* Pods */ = {
			isa = PBXGroup;
			children = (
				66A753FD5ADB8738A512837E /* Pods-TopDrawer.debug.xcconfig */,
				406B90A0928C8301F9FB8F65 /* Pods-TopDrawer.release.xcconfig */,
			);
			name = Pods;
			sourceTree = "<group>";
		};
		AC793B6FAB405FAB4BA72193 /* Frameworks */ = {
			isa = PBXGroup;
			children = (
				ED73EF081CA9A46600331CC2 /* Material.framework */,
				F7CB34F0BF65C798C980B92D /* Pods_TopDrawer.framework */,
			);
			name = Frameworks;
			sourceTree = "<group>";
		};
		ED2B08131C7F48890007949E /* FriendsTree */ = {
			isa = PBXGroup;
			children = (
				EDAC5DD91C7D32A300C0C306 /* FriendsTableViewController.swift */,
			);
			name = FriendsTree;
			sourceTree = "<group>";
		};
		ED2B08161C7F48F40007949E /* Shared Topics Tree */ = {
			isa = PBXGroup;
			children = (
				ED2B08141C7F48E30007949E /* SharedTableViewController.swift */,
				ED5EBEAF1C823F56009951BB /* TopicTabBarController.swift */,
				ED5EBEAD1C823626009951BB /* SharedTopicTableViewCell.swift */,
				ED2B08171C7F49780007949E /* MessageContainerViewController.swift */,
				ED2B081B1C7F614C0007949E /* MessageViewController.swift */,
				ED3A5DC91CC59F8400559CFB /* TopicMarkerHeaderView.swift */,
				ED3A5E071CC81BA100559CFB /* StickyHeaderFlowLayout.swift */,
				ED2B08191C7F49D10007949E /* TrayCollectionViewController.swift */,
				ED5EBEB11C82B0B6009951BB /* SharedPageCollectionViewCell.swift */,
				EDED75CB1CBEEBB10071A36F /* SharedTopicCellCardView.swift */,
				EDADFF241C867D6A0055867E /* TopicMarkerSelectionTableViewController.swift */,
				EDADFF261C8680C00055867E /* TopicMarkerSelectionTableViewCell.swift */,
			);
			name = "Shared Topics Tree";
			sourceTree = "<group>";
		};
		ED3A5DC41CC547F200559CFB /* SwiftExtensions */ = {
			isa = PBXGroup;
			children = (
				ED3A5DC21CC547E300559CFB /* StringExtensionIndexing.swift */,
				ED3A5DC71CC575EF00559CFB /* NSDateExtension.swift */,
			);
			name = SwiftExtensions;
			sourceTree = "<group>";
		};
		ED5EBEBE1C84ED52009951BB /* TestShareExtension */ = {
			isa = PBXGroup;
			children = (
				ED5EBEBF1C84ED52009951BB /* ShareViewController.swift */,
				ED5EBEC11C84ED52009951BB /* MainInterface.storyboard */,
				ED5EBEC41C84ED52009951BB /* Info.plist */,
			);
			path = TestShareExtension;
			sourceTree = "<group>";
		};
		EDAC5D6F1C7B83A900C0C306 = {
			isa = PBXGroup;
			children = (
				EDAC5DAA1C7B96B200C0C306 /* CloudKit.framework */,
				EDAC5D7A1C7B83A900C0C306 /* TopDrawer */,
				EDAC5D8F1C7B83AA00C0C306 /* TopDrawerTests */,
				EDAC5D9A1C7B83AA00C0C306 /* TopDrawerUITests */,
				EDAC5DB71C7BC7CC00C0C306 /* TopDrawerActionExtension */,
				ED5EBEBE1C84ED52009951BB /* TestShareExtension */,
				EDAC5D791C7B83A900C0C306 /* Products */,
				413A104654B610A6A25FACCC /* Pods */,
				AC793B6FAB405FAB4BA72193 /* Frameworks */,
			);
			sourceTree = "<group>";
		};
		EDAC5D791C7B83A900C0C306 /* Products */ = {
			isa = PBXGroup;
			children = (
				EDAC5D781C7B83A900C0C306 /* TopDrawer.app */,
				EDAC5D8C1C7B83AA00C0C306 /* TopDrawerTests.xctest */,
				EDAC5D971C7B83AA00C0C306 /* TopDrawerUITests.xctest */,
				EDAC5DB61C7BC7CC00C0C306 /* TopDrawerActionExtension.appex */,
				ED5EBEBD1C84ED52009951BB /* TestShareExtension.appex */,
			);
			name = Products;
			sourceTree = "<group>";
		};
		EDAC5D7A1C7B83A900C0C306 /* TopDrawer */ = {
			isa = PBXGroup;
			children = (
				EDAC5DA91C7B96A900C0C306 /* TopDrawer.entitlements */,
				EDAC5D7B1C7B83A900C0C306 /* AppDelegate.swift */,
				ED3A5DC41CC547F200559CFB /* SwiftExtensions */,
				EDAC5DD81C7D2C9E00C0C306 /* DataModel */,
				EDAC5DD71C7D2C8E00C0C306 /* Detail View Controller */,
				EDAC5DD51C7D2C3C00C0C306 /* Saved Pages Tree */,
				EDAC5DD61C7D2C5800C0C306 /* Topic Tree */,
				ED2B08161C7F48F40007949E /* Shared Topics Tree */,
				ED2B08131C7F48890007949E /* FriendsTree */,
				EDED75CF1CBEF3860071A36F /* PopupTableViews */,
				EDFE6A691CD3045A00D997F9 /* Onboarding */,
				EDAC5D821C7B83A900C0C306 /* Assets.xcassets */,
				ED49DC1B1C8881E0003BB009 /* App downloads (2).png */,
				EDAC5D7F1C7B83A900C0C306 /* Main.storyboard */,
				EDAC5D841C7B83A900C0C306 /* LaunchScreen.storyboard */,
				EDAC5D871C7B83A900C0C306 /* Info.plist */,
			);
			path = TopDrawer;
			sourceTree = "<group>";
		};
		EDAC5D8F1C7B83AA00C0C306 /* TopDrawerTests */ = {
			isa = PBXGroup;
			children = (
				EDAC5D901C7B83AA00C0C306 /* TopDrawerTests.swift */,
				EDAC5D921C7B83AA00C0C306 /* Info.plist */,
			);
			path = TopDrawerTests;
			sourceTree = "<group>";
		};
		EDAC5D9A1C7B83AA00C0C306 /* TopDrawerUITests */ = {
			isa = PBXGroup;
			children = (
				EDAC5D9B1C7B83AA00C0C306 /* TopDrawerUITests.swift */,
				EDAC5D9D1C7B83AA00C0C306 /* Info.plist */,
			);
			path = TopDrawerUITests;
			sourceTree = "<group>";
		};
		EDAC5DB71C7BC7CC00C0C306 /* TopDrawerActionExtension */ = {
			isa = PBXGroup;
			children = (
				EDAC5DC51C7BC86600C0C306 /* TopDrawerActionExtension.entitlements */,
				EDAC5DB81C7BC7CC00C0C306 /* ActionViewController.swift */,
				ED4AB5241CA9C62800A9171F /* CustomTextField.swift */,
				ED9144231CA9DB3500AC3122 /* CustomTextView.swift */,
				ED01CAEB1CAC590C0086F669 /* DetailView.swift */,
				EDED75C31CB32C350071A36F /* App downloads (2).png */,
				EDAC5DC61C7BDC3900C0C306 /* getURLinfo.js */,
				EDAC5DBA1C7BC7CC00C0C306 /* MainInterface.storyboard */,
				EDAC5DBD1C7BC7CC00C0C306 /* Info.plist */,
			);
			path = TopDrawerActionExtension;
			sourceTree = "<group>";
		};
		EDAC5DD51C7D2C3C00C0C306 /* Saved Pages Tree */ = {
			isa = PBXGroup;
			children = (
				EDAC5DB01C7BB8F100C0C306 /* SavedPageCollectionViewCell.swift */,
				EDAC5DAE1C7BB57000C0C306 /* SavedPagesCollectionViewController.swift */,
				EDED75C51CB6C8F20071A36F /* CellCardView.swift */,
			);
			name = "Saved Pages Tree";
			sourceTree = "<group>";
		};
		EDAC5DD61C7D2C5800C0C306 /* Topic Tree */ = {
			isa = PBXGroup;
			children = (
				EDAC5DCD1C7CF3E100C0C306 /* TopicCollectionViewCell.swift */,
				EDAC5DCB1C7CF2AC00C0C306 /* TopicsCollectionViewController.swift */,
				EDAC5DD31C7D1F3500C0C306 /* TopicSavedPageCollectionViewCell.swift */,
				EDAC5DCF1C7D0A7200C0C306 /* TopicSavedPagesCollectionViewController.swift */,
				EDED75C91CBEE59D0071A36F /* TopicCellCardView.swift */,
			);
			name = "Topic Tree";
			sourceTree = "<group>";
		};
		EDAC5DD71C7D2C8E00C0C306 /* Detail View Controller */ = {
			isa = PBXGroup;
			children = (
				EDAC5DC91C7CDC5D00C0C306 /* DetailViewController.swift */,
				ED5EBEB71C84A0B3009951BB /* NewTopicViewController.swift */,
				ED5EBEB31C83E420009951BB /* AssignTopicViewController.swift */,
			);
			name = "Detail View Controller";
			sourceTree = "<group>";
		};
		EDAC5DD81C7D2C9E00C0C306 /* DataModel */ = {
			isa = PBXGroup;
			children = (
				EDAC5DAC1C7BAAC600C0C306 /* Page.swift */,
				EDADFF201C8674AB0055867E /* TopicMarker.swift */,
				ED2B08211C7FB0BC0007949E /* Topic.swift */,
				ED2B08261C80B7C40007949E /* Message.swift */,
				ED2B08231C80998B0007949E /* Friend.swift */,
				ED2B081D1C7F93A60007949E /* InboxManager.swift */,
				EDFE6AAB1CE0F9A600D997F9 /* CloudKit + Graph Services.swift */,
				EDFE6AAD1CEA342600D997F9 /* GraphEntitySorter.swift */,
				EDFE6AAF1CEA351900D997F9 /* DataModelGraphConversions.swift */,
				ED3A5DC51CC56DB300559CFB /* MessageSorter.swift */,
			);
			name = DataModel;
			sourceTree = "<group>";
		};
		EDED75CF1CBEF3860071A36F /* PopupTableViews */ = {
			isa = PBXGroup;
			children = (
				EDED75CD1CBEF37D0071A36F /* NewTopicPopupVC.swift */,
				EDED75DD1CC2AB240071A36F /* TextEntryViewController.swift */,
				EDED75D41CC136680071A36F /* FriendsTableView.swift */,
				EDED75D61CC15ED10071A36F /* NewTopicEntryTableViewController.swift */,
				EDED75D01CBEF3F30071A36F /* AssignTopicPopupVC.swift */,
				ED3A5E921CD15B9E00559CFB /* InsertTopicMarkerPopupVC.swift */,
			);
			name = PopupTableViews;
			sourceTree = "<group>";
		};
		EDFE6A691CD3045A00D997F9 /* Onboarding */ = {
			isa = PBXGroup;
			children = (
				EDFE6A6A1CD304B500D997F9 /* OnboardingPageViewController.swift */,
				EDFE6A6C1CD3050F00D997F9 /* SignInView.swift */,
			);
			name = Onboarding;
			sourceTree = "<group>";
		};
/* End PBXGroup section */

/* Begin PBXNativeTarget section */
		ED5EBEBC1C84ED52009951BB /* TestShareExtension */ = {
			isa = PBXNativeTarget;
			buildConfigurationList = ED5EBEC81C84ED52009951BB /* Build configuration list for PBXNativeTarget "TestShareExtension" */;
			buildPhases = (
				ED5EBEB91C84ED52009951BB /* Sources */,
				ED5EBEBA1C84ED52009951BB /* Frameworks */,
				ED5EBEBB1C84ED52009951BB /* Resources */,
			);
			buildRules = (
			);
			dependencies = (
			);
			name = TestShareExtension;
			productName = TestShareExtension;
			productReference = ED5EBEBD1C84ED52009951BB /* TestShareExtension.appex */;
			productType = "com.apple.product-type.app-extension";
		};
		EDAC5D771C7B83A900C0C306 /* TopDrawer */ = {
			isa = PBXNativeTarget;
			buildConfigurationList = EDAC5DA01C7B83AA00C0C306 /* Build configuration list for PBXNativeTarget "TopDrawer" */;
			buildPhases = (
				963F3B7EA9DAF6A0AC9C45E5 /* Check Pods Manifest.lock */,
				EDAC5D751C7B83A900C0C306 /* Frameworks */,
				EDAC5D761C7B83A900C0C306 /* Resources */,
				522D27C5EF545C7049CE58E3 /* Embed Pods Frameworks */,
				EDAC5DC41C7BC7CC00C0C306 /* Embed App Extensions */,
				D239D47B456590DF6BA6FD37 /* Copy Pods Resources */,
				EDAC5D741C7B83A900C0C306 /* Sources */,
			);
			buildRules = (
			);
			dependencies = (
				EDAC5DBF1C7BC7CC00C0C306 /* PBXTargetDependency */,
				ED5EBEC61C84ED52009951BB /* PBXTargetDependency */,
			);
			name = TopDrawer;
			productName = TopDrawer;
			productReference = EDAC5D781C7B83A900C0C306 /* TopDrawer.app */;
			productType = "com.apple.product-type.application";
		};
		EDAC5D8B1C7B83AA00C0C306 /* TopDrawerTests */ = {
			isa = PBXNativeTarget;
			buildConfigurationList = EDAC5DA31C7B83AA00C0C306 /* Build configuration list for PBXNativeTarget "TopDrawerTests" */;
			buildPhases = (
				EDAC5D881C7B83AA00C0C306 /* Sources */,
				EDAC5D891C7B83AA00C0C306 /* Frameworks */,
				EDAC5D8A1C7B83AA00C0C306 /* Resources */,
			);
			buildRules = (
			);
			dependencies = (
				EDAC5D8E1C7B83AA00C0C306 /* PBXTargetDependency */,
			);
			name = TopDrawerTests;
			productName = TopDrawerTests;
			productReference = EDAC5D8C1C7B83AA00C0C306 /* TopDrawerTests.xctest */;
			productType = "com.apple.product-type.bundle.unit-test";
		};
		EDAC5D961C7B83AA00C0C306 /* TopDrawerUITests */ = {
			isa = PBXNativeTarget;
			buildConfigurationList = EDAC5DA61C7B83AA00C0C306 /* Build configuration list for PBXNativeTarget "TopDrawerUITests" */;
			buildPhases = (
				EDAC5D931C7B83AA00C0C306 /* Sources */,
				EDAC5D941C7B83AA00C0C306 /* Frameworks */,
				EDAC5D951C7B83AA00C0C306 /* Resources */,
			);
			buildRules = (
			);
			dependencies = (
				EDAC5D991C7B83AA00C0C306 /* PBXTargetDependency */,
			);
			name = TopDrawerUITests;
			productName = TopDrawerUITests;
			productReference = EDAC5D971C7B83AA00C0C306 /* TopDrawerUITests.xctest */;
			productType = "com.apple.product-type.bundle.ui-testing";
		};
		EDAC5DB51C7BC7CC00C0C306 /* TopDrawerActionExtension */ = {
			isa = PBXNativeTarget;
			buildConfigurationList = EDAC5DC11C7BC7CC00C0C306 /* Build configuration list for PBXNativeTarget "TopDrawerActionExtension" */;
			buildPhases = (
				EDAC5DB21C7BC7CC00C0C306 /* Sources */,
				EDAC5DB31C7BC7CC00C0C306 /* Frameworks */,
				EDAC5DB41C7BC7CC00C0C306 /* Resources */,
			);
			buildRules = (
			);
			dependencies = (
			);
			name = TopDrawerActionExtension;
			productName = TopDrawerActionExtension;
			productReference = EDAC5DB61C7BC7CC00C0C306 /* TopDrawerActionExtension.appex */;
			productType = "com.apple.product-type.app-extension";
		};
/* End PBXNativeTarget section */

/* Begin PBXProject section */
		EDAC5D701C7B83A900C0C306 /* Project object */ = {
			isa = PBXProject;
			attributes = {
				LastSwiftUpdateCheck = 0730;
				LastUpgradeCheck = 0720;
				ORGANIZATIONNAME = "Carl Udren";
				TargetAttributes = {
					ED5EBEBC1C84ED52009951BB = {
						CreatedOnToolsVersion = 7.2.1;
						DevelopmentTeam = 95ZRVL9PPJ;
					};
					EDAC5D771C7B83A900C0C306 = {
						CreatedOnToolsVersion = 7.2.1;
						DevelopmentTeam = 95ZRVL9PPJ;
						SystemCapabilities = {
							com.apple.ApplicationGroups.iOS = {
								enabled = 1;
							};
							com.apple.Push = {
								enabled = 1;
							};
							com.apple.iCloud = {
								enabled = 1;
							};
						};
					};
					EDAC5D8B1C7B83AA00C0C306 = {
						CreatedOnToolsVersion = 7.2.1;
						TestTargetID = EDAC5D771C7B83A900C0C306;
					};
					EDAC5D961C7B83AA00C0C306 = {
						CreatedOnToolsVersion = 7.2.1;
						TestTargetID = EDAC5D771C7B83A900C0C306;
					};
					EDAC5DB51C7BC7CC00C0C306 = {
						CreatedOnToolsVersion = 7.2.1;
						DevelopmentTeam = 95ZRVL9PPJ;
						SystemCapabilities = {
							com.apple.ApplicationGroups.iOS = {
								enabled = 1;
							};
							com.apple.Push = {
								enabled = 1;
							};
							com.apple.iCloud = {
								enabled = 1;
							};
						};
					};
				};
			};
			buildConfigurationList = EDAC5D731C7B83A900C0C306 /* Build configuration list for PBXProject "TopDrawer" */;
			compatibilityVersion = "Xcode 3.2";
			developmentRegion = English;
			hasScannedForEncodings = 0;
			knownRegions = (
				en,
				Base,
			);
			mainGroup = EDAC5D6F1C7B83A900C0C306;
			productRefGroup = EDAC5D791C7B83A900C0C306 /* Products */;
			projectDirPath = "";
			projectRoot = "";
			targets = (
				EDAC5D771C7B83A900C0C306 /* TopDrawer */,
				EDAC5D8B1C7B83AA00C0C306 /* TopDrawerTests */,
				EDAC5D961C7B83AA00C0C306 /* TopDrawerUITests */,
				EDAC5DB51C7BC7CC00C0C306 /* TopDrawerActionExtension */,
				ED5EBEBC1C84ED52009951BB /* TestShareExtension */,
			);
		};
/* End PBXProject section */

/* Begin PBXResourcesBuildPhase section */
		ED5EBEBB1C84ED52009951BB /* Resources */ = {
			isa = PBXResourcesBuildPhase;
			buildActionMask = 2147483647;
			files = (
				ED5EBEC31C84ED52009951BB /* MainInterface.storyboard in Resources */,
			);
			runOnlyForDeploymentPostprocessing = 0;
		};
		EDAC5D761C7B83A900C0C306 /* Resources */ = {
			isa = PBXResourcesBuildPhase;
			buildActionMask = 2147483647;
			files = (
				EDAC5D861C7B83A900C0C306 /* LaunchScreen.storyboard in Resources */,
				EDAC5D831C7B83A900C0C306 /* Assets.xcassets in Resources */,
				EDAC5D811C7B83A900C0C306 /* Main.storyboard in Resources */,
				ED49DC1C1C8881E0003BB009 /* App downloads (2).png in Resources */,
			);
			runOnlyForDeploymentPostprocessing = 0;
		};
		EDAC5D8A1C7B83AA00C0C306 /* Resources */ = {
			isa = PBXResourcesBuildPhase;
			buildActionMask = 2147483647;
			files = (
			);
			runOnlyForDeploymentPostprocessing = 0;
		};
		EDAC5D951C7B83AA00C0C306 /* Resources */ = {
			isa = PBXResourcesBuildPhase;
			buildActionMask = 2147483647;
			files = (
			);
			runOnlyForDeploymentPostprocessing = 0;
		};
		EDAC5DB41C7BC7CC00C0C306 /* Resources */ = {
			isa = PBXResourcesBuildPhase;
			buildActionMask = 2147483647;
			files = (
				EDAC5DBC1C7BC7CC00C0C306 /* MainInterface.storyboard in Resources */,
				ED01502B1C8B4BB100CF0978 /* Assets.xcassets in Resources */,
				EDAC5DC71C7BDC3900C0C306 /* getURLinfo.js in Resources */,
				EDED75C41CB32C350071A36F /* App downloads (2).png in Resources */,
			);
			runOnlyForDeploymentPostprocessing = 0;
		};
/* End PBXResourcesBuildPhase section */

/* Begin PBXShellScriptBuildPhase section */
		522D27C5EF545C7049CE58E3 /* Embed Pods Frameworks */ = {
			isa = PBXShellScriptBuildPhase;
			buildActionMask = 2147483647;
			files = (
			);
			inputPaths = (
			);
			name = "Embed Pods Frameworks";
			outputPaths = (
			);
			runOnlyForDeploymentPostprocessing = 0;
			shellPath = /bin/sh;
			shellScript = "\"${SRCROOT}/Pods/Target Support Files/Pods-TopDrawer/Pods-TopDrawer-frameworks.sh\"\n";
			showEnvVarsInLog = 0;
		};
		963F3B7EA9DAF6A0AC9C45E5 /* Check Pods Manifest.lock */ = {
			isa = PBXShellScriptBuildPhase;
			buildActionMask = 2147483647;
			files = (
			);
			inputPaths = (
			);
			name = "Check Pods Manifest.lock";
			outputPaths = (
			);
			runOnlyForDeploymentPostprocessing = 0;
			shellPath = /bin/sh;
			shellScript = "diff \"${PODS_ROOT}/../Podfile.lock\" \"${PODS_ROOT}/Manifest.lock\" > /dev/null\nif [[ $? != 0 ]] ; then\n    cat << EOM\nerror: The sandbox is not in sync with the Podfile.lock. Run 'pod install' or update your CocoaPods installation.\nEOM\n    exit 1\nfi\n";
			showEnvVarsInLog = 0;
		};
		D239D47B456590DF6BA6FD37 /* Copy Pods Resources */ = {
			isa = PBXShellScriptBuildPhase;
			buildActionMask = 2147483647;
			files = (
			);
			inputPaths = (
			);
			name = "Copy Pods Resources";
			outputPaths = (
			);
			runOnlyForDeploymentPostprocessing = 0;
			shellPath = /bin/sh;
			shellScript = "\"${SRCROOT}/Pods/Target Support Files/Pods-TopDrawer/Pods-TopDrawer-resources.sh\"\n";
			showEnvVarsInLog = 0;
		};
/* End PBXShellScriptBuildPhase section */

/* Begin PBXSourcesBuildPhase section */
		ED5EBEB91C84ED52009951BB /* Sources */ = {
			isa = PBXSourcesBuildPhase;
			buildActionMask = 2147483647;
			files = (
				ED5EBEC01C84ED52009951BB /* ShareViewController.swift in Sources */,
			);
			runOnlyForDeploymentPostprocessing = 0;
		};
		EDAC5D741C7B83A900C0C306 /* Sources */ = {
			isa = PBXSourcesBuildPhase;
			buildActionMask = 2147483647;
			files = (
				EDAC5DCC1C7CF2AC00C0C306 /* TopicsCollectionViewController.swift in Sources */,
				EDED75D71CC15ED10071A36F /* NewTopicEntryTableViewController.swift in Sources */,
				ED3A5DC61CC56DB300559CFB /* MessageSorter.swift in Sources */,
				EDAC5DCE1C7CF3E100C0C306 /* TopicCollectionViewCell.swift in Sources */,
				ED2B08181C7F49780007949E /* MessageContainerViewController.swift in Sources */,
				EDFE6AAC1CE0F9A700D997F9 /* CloudKit + Graph Services.swift in Sources */,
				EDAC5DCA1C7CDC5D00C0C306 /* DetailViewController.swift in Sources */,
				ED5EBEB81C84A0B3009951BB /* NewTopicViewController.swift in Sources */,
				ED5EBEAE1C823626009951BB /* SharedTopicTableViewCell.swift in Sources */,
				ED3A5E081CC81BA100559CFB /* StickyHeaderFlowLayout.swift in Sources */,
				EDAC5DD41C7D1F3500C0C306 /* TopicSavedPageCollectionViewCell.swift in Sources */,
				ED2B08221C7FB0BC0007949E /* Topic.swift in Sources */,
				ED5EBEB21C82B0B6009951BB /* SharedPageCollectionViewCell.swift in Sources */,
				EDFE6AB01CEA351900D997F9 /* DataModelGraphConversions.swift in Sources */,
				EDAC5DDA1C7D32A300C0C306 /* FriendsTableViewController.swift in Sources */,
				ED2B08271C80B7C40007949E /* Message.swift in Sources */,
				ED2B081C1C7F614C0007949E /* MessageViewController.swift in Sources */,
				EDAC5DAF1C7BB57000C0C306 /* SavedPagesCollectionViewController.swift in Sources */,
				EDADFF251C867D6A0055867E /* TopicMarkerSelectionTableViewController.swift in Sources */,
				EDED75C61CB6C8F20071A36F /* CellCardView.swift in Sources */,
				EDAC5DB11C7BB8F100C0C306 /* SavedPageCollectionViewCell.swift in Sources */,
				EDAC5DD01C7D0A7200C0C306 /* TopicSavedPagesCollectionViewController.swift in Sources */,
				EDADFF271C8680C00055867E /* TopicMarkerSelectionTableViewCell.swift in Sources */,
				EDED75CC1CBEEBB10071A36F /* SharedTopicCellCardView.swift in Sources */,
				EDED75CA1CBEE59D0071A36F /* TopicCellCardView.swift in Sources */,
				ED3A5DC81CC575EF00559CFB /* NSDateExtension.swift in Sources */,
				ED5EBEB01C823F56009951BB /* TopicTabBarController.swift in Sources */,
				EDED75DE1CC2AB240071A36F /* TextEntryViewController.swift in Sources */,
				EDAC5DAD1C7BAAC600C0C306 /* Page.swift in Sources */,
				ED3A5DC31CC547E300559CFB /* StringExtensionIndexing.swift in Sources */,
				ED3A5E931CD15B9E00559CFB /* InsertTopicMarkerPopupVC.swift in Sources */,
				EDAC5D7C1C7B83A900C0C306 /* AppDelegate.swift in Sources */,
				ED2B081A1C7F49D10007949E /* TrayCollectionViewController.swift in Sources */,
				ED2B08241C80998B0007949E /* Friend.swift in Sources */,
				ED5EBEB41C83E420009951BB /* AssignTopicViewController.swift in Sources */,
				ED3A5DCA1CC59F8400559CFB /* TopicMarkerHeaderView.swift in Sources */,
				EDADFF211C8674AB0055867E /* TopicMarker.swift in Sources */,
				ED2B081E1C7F93A60007949E /* InboxManager.swift in Sources */,
				EDFE6A6D1CD3050F00D997F9 /* SignInView.swift in Sources */,
				ED2B08151C7F48E30007949E /* SharedTableViewController.swift in Sources */,
				EDED75CE1CBEF37D0071A36F /* NewTopicPopupVC.swift in Sources */,
				EDFE6AAE1CEA342600D997F9 /* GraphEntitySorter.swift in Sources */,
				EDED75D11CBEF3F30071A36F /* AssignTopicPopupVC.swift in Sources */,
				EDED75D51CC136680071A36F /* FriendsTableView.swift in Sources */,
				EDFE6A6B1CD304B500D997F9 /* OnboardingPageViewController.swift in Sources */,
			);
			runOnlyForDeploymentPostprocessing = 0;
		};
		EDAC5D881C7B83AA00C0C306 /* Sources */ = {
			isa = PBXSourcesBuildPhase;
			buildActionMask = 2147483647;
			files = (
				EDAC5D911C7B83AA00C0C306 /* TopDrawerTests.swift in Sources */,
			);
			runOnlyForDeploymentPostprocessing = 0;
		};
		EDAC5D931C7B83AA00C0C306 /* Sources */ = {
			isa = PBXSourcesBuildPhase;
			buildActionMask = 2147483647;
			files = (
				EDAC5D9C1C7B83AA00C0C306 /* TopDrawerUITests.swift in Sources */,
			);
			runOnlyForDeploymentPostprocessing = 0;
		};
		EDAC5DB21C7BC7CC00C0C306 /* Sources */ = {
			isa = PBXSourcesBuildPhase;
			buildActionMask = 2147483647;
			files = (
				ED4AB5251CA9C62800A9171F /* CustomTextField.swift in Sources */,
				ED01CAEC1CAC590C0086F669 /* DetailView.swift in Sources */,
				EDAC5DB91C7BC7CC00C0C306 /* ActionViewController.swift in Sources */,
				ED9144241CA9DB3500AC3122 /* CustomTextView.swift in Sources */,
			);
			runOnlyForDeploymentPostprocessing = 0;
		};
/* End PBXSourcesBuildPhase section */

/* Begin PBXTargetDependency section */
		ED5EBEC61C84ED52009951BB /* PBXTargetDependency */ = {
			isa = PBXTargetDependency;
			target = ED5EBEBC1C84ED52009951BB /* TestShareExtension */;
			targetProxy = ED5EBEC51C84ED52009951BB /* PBXContainerItemProxy */;
		};
		EDAC5D8E1C7B83AA00C0C306 /* PBXTargetDependency */ = {
			isa = PBXTargetDependency;
			target = EDAC5D771C7B83A900C0C306 /* TopDrawer */;
			targetProxy = EDAC5D8D1C7B83AA00C0C306 /* PBXContainerItemProxy */;
		};
		EDAC5D991C7B83AA00C0C306 /* PBXTargetDependency */ = {
			isa = PBXTargetDependency;
			target = EDAC5D771C7B83A900C0C306 /* TopDrawer */;
			targetProxy = EDAC5D981C7B83AA00C0C306 /* PBXContainerItemProxy */;
		};
		EDAC5DBF1C7BC7CC00C0C306 /* PBXTargetDependency */ = {
			isa = PBXTargetDependency;
			target = EDAC5DB51C7BC7CC00C0C306 /* TopDrawerActionExtension */;
			targetProxy = EDAC5DBE1C7BC7CC00C0C306 /* PBXContainerItemProxy */;
		};
/* End PBXTargetDependency section */

/* Begin PBXVariantGroup section */
		ED5EBEC11C84ED52009951BB /* MainInterface.storyboard */ = {
			isa = PBXVariantGroup;
			children = (
				ED5EBEC21C84ED52009951BB /* Base */,
			);
			name = MainInterface.storyboard;
			sourceTree = "<group>";
		};
		EDAC5D7F1C7B83A900C0C306 /* Main.storyboard */ = {
			isa = PBXVariantGroup;
			children = (
				EDAC5D801C7B83A900C0C306 /* Base */,
			);
			name = Main.storyboard;
			sourceTree = "<group>";
		};
		EDAC5D841C7B83A900C0C306 /* LaunchScreen.storyboard */ = {
			isa = PBXVariantGroup;
			children = (
				EDAC5D851C7B83A900C0C306 /* Base */,
			);
			name = LaunchScreen.storyboard;
			sourceTree = "<group>";
		};
		EDAC5DBA1C7BC7CC00C0C306 /* MainInterface.storyboard */ = {
			isa = PBXVariantGroup;
			children = (
				EDAC5DBB1C7BC7CC00C0C306 /* Base */,
			);
			name = MainInterface.storyboard;
			sourceTree = "<group>";
		};
/* End PBXVariantGroup section */

/* Begin XCBuildConfiguration section */
		ED5EBEC91C84ED52009951BB /* Debug */ = {
			isa = XCBuildConfiguration;
			buildSettings = {
				CODE_SIGN_IDENTITY = "iPhone Developer";
				"CODE_SIGN_IDENTITY[sdk=iphoneos*]" = "iPhone Developer";
				EMBEDDED_CONTENT_CONTAINS_SWIFT = NO;
				INFOPLIST_FILE = TestShareExtension/Info.plist;
				LD_RUNPATH_SEARCH_PATHS = "$(inherited) @executable_path/Frameworks @executable_path/../../Frameworks";
				PRODUCT_BUNDLE_IDENTIFIER = "Carl-Udren.TopDrawer.TestShareExtension";
				PRODUCT_NAME = "$(TARGET_NAME)";
				SKIP_INSTALL = YES;
			};
			name = Debug;
		};
		ED5EBECA1C84ED52009951BB /* Release */ = {
			isa = XCBuildConfiguration;
			buildSettings = {
				CODE_SIGN_IDENTITY = "iPhone Developer";
				"CODE_SIGN_IDENTITY[sdk=iphoneos*]" = "iPhone Developer";
				EMBEDDED_CONTENT_CONTAINS_SWIFT = NO;
				INFOPLIST_FILE = TestShareExtension/Info.plist;
				LD_RUNPATH_SEARCH_PATHS = "$(inherited) @executable_path/Frameworks @executable_path/../../Frameworks";
				PRODUCT_BUNDLE_IDENTIFIER = "Carl-Udren.TopDrawer.TestShareExtension";
				PRODUCT_NAME = "$(TARGET_NAME)";
				SKIP_INSTALL = YES;
			};
			name = Release;
		};
		EDAC5D9E1C7B83AA00C0C306 /* Debug */ = {
			isa = XCBuildConfiguration;
			buildSettings = {
				ALWAYS_SEARCH_USER_PATHS = NO;
				CLANG_CXX_LANGUAGE_STANDARD = "gnu++0x";
				CLANG_CXX_LIBRARY = "libc++";
				CLANG_ENABLE_MODULES = YES;
				CLANG_ENABLE_OBJC_ARC = YES;
				CLANG_WARN_BOOL_CONVERSION = YES;
				CLANG_WARN_CONSTANT_CONVERSION = YES;
				CLANG_WARN_DIRECT_OBJC_ISA_USAGE = YES_ERROR;
				CLANG_WARN_EMPTY_BODY = YES;
				CLANG_WARN_ENUM_CONVERSION = YES;
				CLANG_WARN_INT_CONVERSION = YES;
				CLANG_WARN_OBJC_ROOT_CLASS = YES_ERROR;
				CLANG_WARN_UNREACHABLE_CODE = YES;
				CLANG_WARN__DUPLICATE_METHOD_MATCH = YES;
				"CODE_SIGN_IDENTITY[sdk=iphoneos*]" = "iPhone Developer";
				COPY_PHASE_STRIP = NO;
				DEBUG_INFORMATION_FORMAT = dwarf;
				ENABLE_STRICT_OBJC_MSGSEND = YES;
				ENABLE_TESTABILITY = YES;
				GCC_C_LANGUAGE_STANDARD = gnu99;
				GCC_DYNAMIC_NO_PIC = NO;
				GCC_NO_COMMON_BLOCKS = YES;
				GCC_OPTIMIZATION_LEVEL = 0;
				GCC_PREPROCESSOR_DEFINITIONS = (
					"DEBUG=1",
					"$(inherited)",
				);
				GCC_WARN_64_TO_32_BIT_CONVERSION = YES;
				GCC_WARN_ABOUT_RETURN_TYPE = YES_ERROR;
				GCC_WARN_UNDECLARED_SELECTOR = YES;
				GCC_WARN_UNINITIALIZED_AUTOS = YES_AGGRESSIVE;
				GCC_WARN_UNUSED_FUNCTION = YES;
				GCC_WARN_UNUSED_VARIABLE = YES;
				IPHONEOS_DEPLOYMENT_TARGET = 9.2;
				MTL_ENABLE_DEBUG_INFO = YES;
				ONLY_ACTIVE_ARCH = YES;
				SDKROOT = iphoneos;
				SWIFT_OPTIMIZATION_LEVEL = "-Onone";
			};
			name = Debug;
		};
		EDAC5D9F1C7B83AA00C0C306 /* Release */ = {
			isa = XCBuildConfiguration;
			buildSettings = {
				ALWAYS_SEARCH_USER_PATHS = NO;
				CLANG_CXX_LANGUAGE_STANDARD = "gnu++0x";
				CLANG_CXX_LIBRARY = "libc++";
				CLANG_ENABLE_MODULES = YES;
				CLANG_ENABLE_OBJC_ARC = YES;
				CLANG_WARN_BOOL_CONVERSION = YES;
				CLANG_WARN_CONSTANT_CONVERSION = YES;
				CLANG_WARN_DIRECT_OBJC_ISA_USAGE = YES_ERROR;
				CLANG_WARN_EMPTY_BODY = YES;
				CLANG_WARN_ENUM_CONVERSION = YES;
				CLANG_WARN_INT_CONVERSION = YES;
				CLANG_WARN_OBJC_ROOT_CLASS = YES_ERROR;
				CLANG_WARN_UNREACHABLE_CODE = YES;
				CLANG_WARN__DUPLICATE_METHOD_MATCH = YES;
				"CODE_SIGN_IDENTITY[sdk=iphoneos*]" = "iPhone Developer";
				COPY_PHASE_STRIP = NO;
				DEBUG_INFORMATION_FORMAT = "dwarf-with-dsym";
				ENABLE_NS_ASSERTIONS = NO;
				ENABLE_STRICT_OBJC_MSGSEND = YES;
				GCC_C_LANGUAGE_STANDARD = gnu99;
				GCC_NO_COMMON_BLOCKS = YES;
				GCC_WARN_64_TO_32_BIT_CONVERSION = YES;
				GCC_WARN_ABOUT_RETURN_TYPE = YES_ERROR;
				GCC_WARN_UNDECLARED_SELECTOR = YES;
				GCC_WARN_UNINITIALIZED_AUTOS = YES_AGGRESSIVE;
				GCC_WARN_UNUSED_FUNCTION = YES;
				GCC_WARN_UNUSED_VARIABLE = YES;
				IPHONEOS_DEPLOYMENT_TARGET = 9.2;
				MTL_ENABLE_DEBUG_INFO = NO;
				SDKROOT = iphoneos;
				VALIDATE_PRODUCT = YES;
			};
			name = Release;
		};
		EDAC5DA11C7B83AA00C0C306 /* Debug */ = {
			isa = XCBuildConfiguration;
			baseConfigurationReference = 66A753FD5ADB8738A512837E /* Pods-TopDrawer.debug.xcconfig */;
			buildSettings = {
				ASSETCATALOG_COMPILER_APPICON_NAME = AppIcon;
				CLANG_ENABLE_MODULES = YES;
				CODE_SIGN_ENTITLEMENTS = TopDrawer/TopDrawer.entitlements;
				CODE_SIGN_IDENTITY = "iPhone Developer";
				"CODE_SIGN_IDENTITY[sdk=iphoneos*]" = "iPhone Developer";
				EMBEDDED_CONTENT_CONTAINS_SWIFT = "$(inherited)";
				FRAMEWORK_SEARCH_PATHS = (
					"$(inherited)",
					"$(PROJECT_DIR)/build/Release-iphoneos",
				);
				INFOPLIST_FILE = TopDrawer/Info.plist;
				LD_RUNPATH_SEARCH_PATHS = "$(inherited) @executable_path/Frameworks";
				PRODUCT_BUNDLE_IDENTIFIER = "Carl-Udren.TopDrawer";
				PRODUCT_NAME = "$(TARGET_NAME)";
				PROVISIONING_PROFILE = "";
				SWIFT_OPTIMIZATION_LEVEL = "-Onone";
			};
			name = Debug;
		};
		EDAC5DA21C7B83AA00C0C306 /* Release */ = {
			isa = XCBuildConfiguration;
			baseConfigurationReference = 406B90A0928C8301F9FB8F65 /* Pods-TopDrawer.release.xcconfig */;
			buildSettings = {
				ASSETCATALOG_COMPILER_APPICON_NAME = AppIcon;
				CLANG_ENABLE_MODULES = YES;
				CODE_SIGN_ENTITLEMENTS = TopDrawer/TopDrawer.entitlements;
				CODE_SIGN_IDENTITY = "iPhone Developer";
				"CODE_SIGN_IDENTITY[sdk=iphoneos*]" = "iPhone Developer";
				EMBEDDED_CONTENT_CONTAINS_SWIFT = "$(inherited)";
				FRAMEWORK_SEARCH_PATHS = (
					"$(inherited)",
					"$(PROJECT_DIR)/build/Release-iphoneos",
				);
				INFOPLIST_FILE = TopDrawer/Info.plist;
				LD_RUNPATH_SEARCH_PATHS = "$(inherited) @executable_path/Frameworks";
				PRODUCT_BUNDLE_IDENTIFIER = "Carl-Udren.TopDrawer";
				PRODUCT_NAME = "$(TARGET_NAME)";
				PROVISIONING_PROFILE = "";
			};
			name = Release;
		};
		EDAC5DA41C7B83AA00C0C306 /* Debug */ = {
			isa = XCBuildConfiguration;
			buildSettings = {
				BUNDLE_LOADER = "$(TEST_HOST)";
				INFOPLIST_FILE = TopDrawerTests/Info.plist;
				LD_RUNPATH_SEARCH_PATHS = "$(inherited) @executable_path/Frameworks @loader_path/Frameworks";
				PRODUCT_BUNDLE_IDENTIFIER = "Carl-Udren.TopDrawerTests";
				PRODUCT_NAME = "$(TARGET_NAME)";
				TEST_HOST = "$(BUILT_PRODUCTS_DIR)/TopDrawer.app/TopDrawer";
			};
			name = Debug;
		};
		EDAC5DA51C7B83AA00C0C306 /* Release */ = {
			isa = XCBuildConfiguration;
			buildSettings = {
				BUNDLE_LOADER = "$(TEST_HOST)";
				INFOPLIST_FILE = TopDrawerTests/Info.plist;
				LD_RUNPATH_SEARCH_PATHS = "$(inherited) @executable_path/Frameworks @loader_path/Frameworks";
				PRODUCT_BUNDLE_IDENTIFIER = "Carl-Udren.TopDrawerTests";
				PRODUCT_NAME = "$(TARGET_NAME)";
				TEST_HOST = "$(BUILT_PRODUCTS_DIR)/TopDrawer.app/TopDrawer";
			};
			name = Release;
		};
		EDAC5DA71C7B83AA00C0C306 /* Debug */ = {
			isa = XCBuildConfiguration;
			buildSettings = {
				INFOPLIST_FILE = TopDrawerUITests/Info.plist;
				LD_RUNPATH_SEARCH_PATHS = "$(inherited) @executable_path/Frameworks @loader_path/Frameworks";
				PRODUCT_BUNDLE_IDENTIFIER = "Carl-Udren.TopDrawerUITests";
				PRODUCT_NAME = "$(TARGET_NAME)";
				TEST_TARGET_NAME = TopDrawer;
				USES_XCTRUNNER = YES;
			};
			name = Debug;
		};
		EDAC5DA81C7B83AA00C0C306 /* Release */ = {
			isa = XCBuildConfiguration;
			buildSettings = {
				INFOPLIST_FILE = TopDrawerUITests/Info.plist;
				LD_RUNPATH_SEARCH_PATHS = "$(inherited) @executable_path/Frameworks @loader_path/Frameworks";
				PRODUCT_BUNDLE_IDENTIFIER = "Carl-Udren.TopDrawerUITests";
				PRODUCT_NAME = "$(TARGET_NAME)";
				TEST_TARGET_NAME = TopDrawer;
				USES_XCTRUNNER = YES;
			};
			name = Release;
		};
		EDAC5DC21C7BC7CC00C0C306 /* Debug */ = {
			isa = XCBuildConfiguration;
			buildSettings = {
				ASSETCATALOG_COMPILER_APPICON_NAME = "AppIcon-2";
				CODE_SIGN_ENTITLEMENTS = TopDrawerActionExtension/TopDrawerActionExtension.entitlements;
				CODE_SIGN_IDENTITY = "iPhone Developer";
				"CODE_SIGN_IDENTITY[sdk=iphoneos*]" = "iPhone Developer";
				EMBEDDED_CONTENT_CONTAINS_SWIFT = NO;
				FRAMEWORK_SEARCH_PATHS = (
					"$(inherited)",
					"$(PROJECT_DIR)/build/Release-iphoneos",
				);
				INFOPLIST_FILE = TopDrawerActionExtension/Info.plist;
				LD_RUNPATH_SEARCH_PATHS = "$(inherited) @executable_path/Frameworks @executable_path/../../Frameworks";
				PRODUCT_BUNDLE_IDENTIFIER = "Carl-Udren.TopDrawer.TopDrawerActionExtension";
				PRODUCT_NAME = "$(TARGET_NAME)";
				PROVISIONING_PROFILE = "";
				SKIP_INSTALL = YES;
			};
			name = Debug;
		};
		EDAC5DC31C7BC7CC00C0C306 /* Release */ = {
			isa = XCBuildConfiguration;
			buildSettings = {
				ASSETCATALOG_COMPILER_APPICON_NAME = "AppIcon-2";
				CODE_SIGN_ENTITLEMENTS = TopDrawerActionExtension/TopDrawerActionExtension.entitlements;
				CODE_SIGN_IDENTITY = "iPhone Developer";
				"CODE_SIGN_IDENTITY[sdk=iphoneos*]" = "iPhone Developer";
				EMBEDDED_CONTENT_CONTAINS_SWIFT = NO;
				FRAMEWORK_SEARCH_PATHS = (
					"$(inherited)",
					"$(PROJECT_DIR)/build/Release-iphoneos",
				);
				INFOPLIST_FILE = TopDrawerActionExtension/Info.plist;
				LD_RUNPATH_SEARCH_PATHS = "$(inherited) @executable_path/Frameworks @executable_path/../../Frameworks";
				PRODUCT_BUNDLE_IDENTIFIER = "Carl-Udren.TopDrawer.TopDrawerActionExtension";
				PRODUCT_NAME = "$(TARGET_NAME)";
				PROVISIONING_PROFILE = "";
				SKIP_INSTALL = YES;
			};
			name = Release;
		};
/* End XCBuildConfiguration section */

/* Begin XCConfigurationList section */
		ED5EBEC81C84ED52009951BB /* Build configuration list for PBXNativeTarget "TestShareExtension" */ = {
			isa = XCConfigurationList;
			buildConfigurations = (
				ED5EBEC91C84ED52009951BB /* Debug */,
				ED5EBECA1C84ED52009951BB /* Release */,
			);
			defaultConfigurationIsVisible = 0;
			defaultConfigurationName = Release;
		};
		EDAC5D731C7B83A900C0C306 /* Build configuration list for PBXProject "TopDrawer" */ = {
			isa = XCConfigurationList;
			buildConfigurations = (
				EDAC5D9E1C7B83AA00C0C306 /* Debug */,
				EDAC5D9F1C7B83AA00C0C306 /* Release */,
			);
			defaultConfigurationIsVisible = 0;
			defaultConfigurationName = Release;
		};
		EDAC5DA01C7B83AA00C0C306 /* Build configuration list for PBXNativeTarget "TopDrawer" */ = {
			isa = XCConfigurationList;
			buildConfigurations = (
				EDAC5DA11C7B83AA00C0C306 /* Debug */,
				EDAC5DA21C7B83AA00C0C306 /* Release */,
			);
			defaultConfigurationIsVisible = 0;
			defaultConfigurationName = Release;
		};
		EDAC5DA31C7B83AA00C0C306 /* Build configuration list for PBXNativeTarget "TopDrawerTests" */ = {
			isa = XCConfigurationList;
			buildConfigurations = (
				EDAC5DA41C7B83AA00C0C306 /* Debug */,
				EDAC5DA51C7B83AA00C0C306 /* Release */,
			);
			defaultConfigurationIsVisible = 0;
			defaultConfigurationName = Release;
		};
		EDAC5DA61C7B83AA00C0C306 /* Build configuration list for PBXNativeTarget "TopDrawerUITests" */ = {
			isa = XCConfigurationList;
			buildConfigurations = (
				EDAC5DA71C7B83AA00C0C306 /* Debug */,
				EDAC5DA81C7B83AA00C0C306 /* Release */,
			);
			defaultConfigurationIsVisible = 0;
			defaultConfigurationName = Release;
		};
		EDAC5DC11C7BC7CC00C0C306 /* Build configuration list for PBXNativeTarget "TopDrawerActionExtension" */ = {
			isa = XCConfigurationList;
			buildConfigurations = (
				EDAC5DC21C7BC7CC00C0C306 /* Debug */,
				EDAC5DC31C7BC7CC00C0C306 /* Release */,
			);
			defaultConfigurationIsVisible = 0;
			defaultConfigurationName = Release;
		};
/* End XCConfigurationList section */
	};
	rootObject = EDAC5D701C7B83A900C0C306 /* Project object */;
}
